
Microsoft Visual Studio Solution File, Format Version 12.00
# Visual Studio 15
VisualStudioVersion = 15.0.27703.2042
MinimumVisualStudioVersion = 10.0.40219.1
Project("{FAE04EC0-301F-11D3-BF4B-00C04F79EFBC}") = "Entities", "Entities\Entities.csproj", "{EB4972BB-045E-4B5E-8F18-062DEFFFD652}"
EndProject
Project("{FAE04EC0-301F-11D3-BF4B-00C04F79EFBC}") = "BusinessLogic", "BusinessLogic\BusinessLogic.csproj", "{81B53760-ECE7-420E-8592-BB8E7295ABD6}"
EndProject
Project("{FAE04EC0-301F-11D3-BF4B-00C04F79EFBC}") = "FinalProjectDAS", "FinalProjectDAS\FinalProjectDAS.csproj", "{2BACA685-8A20-41D0-AD90-DBA0478F9D71}"
EndProject
Global
	GlobalSection(SolutionConfigurationPlatforms) = preSolution
		Debug|Any CPU = Debug|Any CPU
		Release|Any CPU = Release|Any CPU
	EndGlobalSection
	GlobalSection(ProjectConfigurationPlatforms) = postSolution
		{EB4972BB-045E-4B5E-8F18-062DEFFFD652}.Debug|Any CPU.ActiveCfg = Debug|Any CPU
		{EB4972BB-045E-4B5E-8F18-062DEFFFD652}.Debug|Any CPU.Build.0 = Debug|Any CPU
		{EB4972BB-045E-4B5E-8F18-062DEFFFD652}.Release|Any CPU.ActiveCfg = Release|Any CPU
		{EB4972BB-045E-4B5E-8F18-062DEFFFD652}.Release|Any CPU.Build.0 = Release|Any CPU
		{81B53760-ECE7-420E-8592-BB8E7295ABD6}.Debug|Any CPU.ActiveCfg = Debug|Any CPU
		{81B53760-ECE7-420E-8592-BB8E7295ABD6}.Debug|Any CPU.Build.0 = Debug|Any CPU
		{81B53760-ECE7-420E-8592-BB8E7295ABD6}.Release|Any CPU.ActiveCfg = Release|Any CPU
		{81B53760-ECE7-420E-8592-BB8E7295ABD6}.Release|Any CPU.Build.0 = Release|Any CPU
		{2BACA685-8A20-41D0-AD90-DBA0478F9D71}.Debug|Any CPU.ActiveCfg = Debug|Any CPU
		{2BACA685-8A20-41D0-AD90-DBA0478F9D71}.Debug|Any CPU.Build.0 = Debug|Any CPU
		{2BACA685-8A20-41D0-AD90-DBA0478F9D71}.Release|Any CPU.ActiveCfg = Release|Any CPU
		{2BACA685-8A20-41D0-AD90-DBA0478F9D71}.Release|Any CPU.Build.0 = Release|Any CPU
	EndGlobalSection
	GlobalSection(SolutionProperties) = preSolution
		HideSolutionNode = FALSE
	EndGlobalSection
	GlobalSection(ExtensibilityGlobals) = postSolution
		SolutionGuid = {5A88763C-F208-4C70-BFBD-B11FE93806D0}
	EndGlobalSection
EndGlobal
